
Microsoft Visual Studio Solution File, Format Version 12.00
# Visual Studio Version 17
VisualStudioVersion = 17.0.32112.339
MinimumVisualStudioVersion = 10.0.40219.1
Project("{9A19103F-16F7-4668-BE54-9A1E7A4F7556}") = "Test", "Test.csproj", "{2E0350E2-70C1-4ACC-B98A-B5E460B89379}"
EndProject
Project("{9A19103F-16F7-4668-BE54-9A1E7A4F7556}") = "TestProject", "..\TestProject\TestProject.csproj", "{A78F116D-1F0B-440E-8AA2-3CF457C2EDB3}"
EndProject
Global
	GlobalSection(SolutionConfigurationPlatforms) = preSolution
		Debug|Any CPU = Debug|Any CPU
		Release|Any CPU = Release|Any CPU
	EndGlobalSection
	GlobalSection(ProjectConfigurationPlatforms) = postSolution
		{2E0350E2-70C1-4ACC-B98A-B5E460B89379}.Debug|Any CPU.ActiveCfg = Debug|Any CPU
		{2E0350E2-70C1-4ACC-B98A-B5E460B89379}.Debug|Any CPU.Build.0 = Debug|Any CPU
		{2E0350E2-70C1-4ACC-B98A-B5E460B89379}.Release|Any CPU.ActiveCfg = Release|Any CPU
		{2E0350E2-70C1-4ACC-B98A-B5E460B89379}.Release|Any CPU.Build.0 = Release|Any CPU
		{A78F116D-1F0B-440E-8AA2-3CF457C2EDB3}.Debug|Any CPU.ActiveCfg = Debug|Any CPU
		{A78F116D-1F0B-440E-8AA2-3CF457C2EDB3}.Debug|Any CPU.Build.0 = Debug|Any CPU
		{A78F116D-1F0B-440E-8AA2-3CF457C2EDB3}.Release|Any CPU.ActiveCfg = Release|Any CPU
		{A78F116D-1F0B-440E-8AA2-3CF457C2EDB3}.Release|Any CPU.Build.0 = Release|Any CPU
	EndGlobalSection
	GlobalSection(SolutionProperties) = preSolution
		HideSolutionNode = FALSE
	EndGlobalSection
	GlobalSection(ExtensibilityGlobals) = postSolution
		SolutionGuid = {ED16A533-6E36-4B2C-8886-58E8B4FF1C77}
	EndGlobalSection
EndGlobal
